// !$*UTF8*$!
{
	archiveVersion = 1;
	classes = {
	};
	objectVersion = 56;
	objects = {

/* Begin PBXBuildFile section */
		F9173A682AA72E5E00EA43C6 /* netFlixCloneApp.swift in Sources */ = {isa = PBXBuildFile; fileRef = F9173A672AA72E5E00EA43C6 /* netFlixCloneApp.swift */; };
		F9173A6A2AA72E5E00EA43C6 /* ContentView.swift in Sources */ = {isa = PBXBuildFile; fileRef = F9173A692AA72E5E00EA43C6 /* ContentView.swift */; };
		F9173A6C2AA72E5F00EA43C6 /* Assets.xcassets in Resources */ = {isa = PBXBuildFile; fileRef = F9173A6B2AA72E5F00EA43C6 /* Assets.xcassets */; };
		F9173A6F2AA72E5F00EA43C6 /* Preview Assets.xcassets in Resources */ = {isa = PBXBuildFile; fileRef = F9173A6E2AA72E5F00EA43C6 /* Preview Assets.xcassets */; };
		F9173A772AA72EAC00EA43C6 /* MovieViewModel.swift in Sources */ = {isa = PBXBuildFile; fileRef = F9173A762AA72EAC00EA43C6 /* MovieViewModel.swift */; };
		F9173A792AA72ECB00EA43C6 /* MovieListViewModel.swift in Sources */ = {isa = PBXBuildFile; fileRef = F9173A782AA72ECB00EA43C6 /* MovieListViewModel.swift */; };
		F9173A7C2AA72F1A00EA43C6 /* MovieListView.swift in Sources */ = {isa = PBXBuildFile; fileRef = F9173A7B2AA72F1A00EA43C6 /* MovieListView.swift */; };
		F9173A7E2AA7301600EA43C6 /* MovieDetailView.swift in Sources */ = {isa = PBXBuildFile; fileRef = F9173A7D2AA7301600EA43C6 /* MovieDetailView.swift */; };
		F9E1C10F2AAC5D87007107AA /* DateFormatterUtility.swift in Sources */ = {isa = PBXBuildFile; fileRef = F9E1C10E2AAC5D87007107AA /* DateFormatterUtility.swift */; };
/* End PBXBuildFile section */

/* Begin PBXFileReference section */
		F9173A642AA72E5E00EA43C6 /* netFlixClone.app */ = {isa = PBXFileReference; explicitFileType = wrapper.application; includeInIndex = 0; path = netFlixClone.app; sourceTree = BUILT_PRODUCTS_DIR; };
		F9173A672AA72E5E00EA43C6 /* netFlixCloneApp.swift */ = {isa = PBXFileReference; lastKnownFileType = sourcecode.swift; path = netFlixCloneApp.swift; sourceTree = "<group>"; };
		F9173A692AA72E5E00EA43C6 /* ContentView.swift */ = {isa = PBXFileReference; lastKnownFileType = sourcecode.swift; path = ContentView.swift; sourceTree = "<group>"; };
		F9173A6B2AA72E5F00EA43C6 /* Assets.xcassets */ = {isa = PBXFileReference; lastKnownFileType = folder.assetcatalog; path = Assets.xcassets; sourceTree = "<group>"; };
		F9173A6E2AA72E5F00EA43C6 /* Preview Assets.xcassets */ = {isa = PBXFileReference; lastKnownFileType = folder.assetcatalog; path = "Preview Assets.xcassets"; sourceTree = "<group>"; };
		F9173A762AA72EAC00EA43C6 /* MovieViewModel.swift */ = {isa = PBXFileReference; lastKnownFileType = sourcecode.swift; path = MovieViewModel.swift; sourceTree = "<group>"; };
		F9173A782AA72ECB00EA43C6 /* MovieListViewModel.swift */ = {isa = PBXFileReference; lastKnownFileType = sourcecode.swift; path = MovieListViewModel.swift; sourceTree = "<group>"; };
		F9173A7B2AA72F1A00EA43C6 /* MovieListView.swift */ = {isa = PBXFileReference; lastKnownFileType = sourcecode.swift; path = MovieListView.swift; sourceTree = "<group>"; };
		F9173A7D2AA7301600EA43C6 /* MovieDetailView.swift */ = {isa = PBXFileReference; lastKnownFileType = sourcecode.swift; path = MovieDetailView.swift; sourceTree = "<group>"; };
		F9E1C10E2AAC5D87007107AA /* DateFormatterUtility.swift */ = {isa = PBXFileReference; lastKnownFileType = sourcecode.swift; path = DateFormatterUtility.swift; sourceTree = "<group>"; };
/* End PBXFileReference section */

/* Begin PBXFrameworksBuildPhase section */
		F9173A612AA72E5E00EA43C6 /* Frameworks */ = {
			isa = PBXFrameworksBuildPhase;
			buildActionMask = 2147483647;
			files = (
			);
			runOnlyForDeploymentPostprocessing = 0;
		};
/* End PBXFrameworksBuildPhase section */

/* Begin PBXGroup section */
		F9173A5B2AA72E5E00EA43C6 = {
			isa = PBXGroup;
			children = (
				F9173A662AA72E5E00EA43C6 /* netFlixClone */,
				F9173A652AA72E5E00EA43C6 /* Products */,
			);
			sourceTree = "<group>";
		};
		F9173A652AA72E5E00EA43C6 /* Products */ = {
			isa = PBXGroup;
			children = (
				F9173A642AA72E5E00EA43C6 /* netFlixClone.app */,
			);
			name = Products;
			sourceTree = "<group>";
		};
		F9173A662AA72E5E00EA43C6 /* netFlixClone */ = {
			isa = PBXGroup;
			children = (
				F9E1C1102AAC5D8F007107AA /* Utility */,
				F9173A7A2AA72F0500EA43C6 /* View */,
				F9173A752AA72EA000EA43C6 /* ViewModel */,
				F9173A672AA72E5E00EA43C6 /* netFlixCloneApp.swift */,
				F9173A692AA72E5E00EA43C6 /* ContentView.swift */,
				F9173A6B2AA72E5F00EA43C6 /* Assets.xcassets */,
				F9173A6D2AA72E5F00EA43C6 /* Preview Content */,
			);
			path = netFlixClone;
			sourceTree = "<group>";
		};
		F9173A6D2AA72E5F00EA43C6 /* Preview Content */ = {
			isa = PBXGroup;
			children = (
				F9173A6E2AA72E5F00EA43C6 /* Preview Assets.xcassets */,
			);
			path = "Preview Content";
			sourceTree = "<group>";
		};
		F9173A752AA72EA000EA43C6 /* ViewModel */ = {
			isa = PBXGroup;
			children = (
				F9173A762AA72EAC00EA43C6 /* MovieViewModel.swift */,
				F9173A782AA72ECB00EA43C6 /* MovieListViewModel.swift */,
			);
			path = ViewModel;
			sourceTree = "<group>";
		};
		F9173A7A2AA72F0500EA43C6 /* View */ = {
			isa = PBXGroup;
			children = (
				F9173A7B2AA72F1A00EA43C6 /* MovieListView.swift */,
				F9173A7D2AA7301600EA43C6 /* MovieDetailView.swift */,
			);
			path = View;
			sourceTree = "<group>";
		};
		F9E1C1102AAC5D8F007107AA /* Utility */ = {
			isa = PBXGroup;
			children = (
				F9E1C10E2AAC5D87007107AA /* DateFormatterUtility.swift */,
			);
			path = Utility;
			sourceTree = "<group>";
		};
/* End PBXGroup section */

/* Begin PBXNativeTarget section */
		F9173A632AA72E5E00EA43C6 /* netFlixClone */ = {
			isa = PBXNativeTarget;
			buildConfigurationList = F9173A722AA72E5F00EA43C6 /* Build configuration list for PBXNativeTarget "netFlixClone" */;
			buildPhases = (
				F9173A602AA72E5E00EA43C6 /* Sources */,
				F9173A612AA72E5E00EA43C6 /* Frameworks */,
				F9173A622AA72E5E00EA43C6 /* Resources */,
			);
			buildRules = (
			);
			dependencies = (
			);
			name = netFlixClone;
			productName = netFlixClone;
			productReference = F9173A642AA72E5E00EA43C6 /* netFlixClone.app */;
			productType = "com.apple.product-type.application";
		};
/* End PBXNativeTarget section */

/* Begin PBXProject section */
		F9173A5C2AA72E5E00EA43C6 /* Project object */ = {
			isa = PBXProject;
			attributes = {
				BuildIndependentTargetsInParallel = 1;
				LastSwiftUpdateCheck = 1430;
				LastUpgradeCheck = 1430;
				TargetAttributes = {
					F9173A632AA72E5E00EA43C6 = {
						CreatedOnToolsVersion = 14.3;
					};
				};
			};
			buildConfigurationList = F9173A5F2AA72E5E00EA43C6 /* Build configuration list for PBXProject "netFlixClone" */;
			compatibilityVersion = "Xcode 14.0";
			developmentRegion = en;
			hasScannedForEncodings = 0;
			knownRegions = (
				en,
				Base,
			);
			mainGroup = F9173A5B2AA72E5E00EA43C6;
			productRefGroup = F9173A652AA72E5E00EA43C6 /* Products */;
			projectDirPath = "";
			projectRoot = "";
			targets = (
				F9173A632AA72E5E00EA43C6 /* netFlixClone */,
			);
		};
/* End PBXProject section */

/* Begin PBXResourcesBuildPhase section */
		F9173A622AA72E5E00EA43C6 /* Resources */ = {
			isa = PBXResourcesBuildPhase;
			buildActionMask = 2147483647;
			files = (
				F9173A6F2AA72E5F00EA43C6 /* Preview Assets.xcassets in Resources */,
				F9173A6C2AA72E5F00EA43C6 /* Assets.xcassets in Resources */,
			);
			runOnlyForDeploymentPostprocessing = 0;
		};
/* End PBXResourcesBuildPhase section */

/* Begin PBXSourcesBuildPhase section */
		F9173A602AA72E5E00EA43C6 /* Sources */ = {
			isa = PBXSourcesBuildPhase;
			buildActionMask = 2147483647;
			files = (
				F9173A7E2AA7301600EA43C6 /* MovieDetailView.swift in Sources */,
				F9173A6A2AA72E5E00EA43C6 /* ContentView.swift in Sources */,
				F9E1C10F2AAC5D87007107AA /* DateFormatterUtility.swift in Sources */,
				F9173A682AA72E5E00EA43C6 /* netFlixCloneApp.swift in Sources */,
				F9173A7C2AA72F1A00EA43C6 /* MovieListView.swift in Sources */,
				F9173A772AA72EAC00EA43C6 /* MovieViewModel.swift in Sources */,
				F9173A792AA72ECB00EA43C6 /* MovieListViewModel.swift in Sources */,
			);
			runOnlyForDeploymentPostprocessing = 0;
		};
/* End PBXSourcesBuildPhase section */

/* Begin XCBuildConfiguration section */
		F9173A702AA72E5F00EA43C6 /* Debug */ = {
			isa = XCBuildConfiguration;
			buildSettings = {
				ALWAYS_SEARCH_USER_PATHS = NO;
				CLANG_ANALYZER_NONNULL = YES;
				CLANG_ANALYZER_NUMBER_OBJECT_CONVERSION = YES_AGGRESSIVE;
				CLANG_CXX_LANGUAGE_STANDARD = "gnu++20";
				CLANG_ENABLE_MODULES = YES;
				CLANG_ENABLE_OBJC_ARC = YES;
				CLANG_ENABLE_OBJC_WEAK = YES;
				CLANG_WARN_BLOCK_CAPTURE_AUTORELEASING = YES;
				CLANG_WARN_BOOL_CONVERSION = YES;
				CLANG_WARN_COMMA = YES;
				CLANG_WARN_CONSTANT_CONVERSION = YES;
				CLANG_WARN_DEPRECATED_OBJC_IMPLEMENTATIONS = YES;
				CLANG_WARN_DIRECT_OBJC_ISA_USAGE = YES_ERROR;
				CLANG_WARN_DOCUMENTATION_COMMENTS = YES;
				CLANG_WARN_EMPTY_BODY = YES;
				CLANG_WARN_ENUM_CONVERSION = YES;
				CLANG_WARN_INFINITE_RECURSION = YES;
				CLANG_WARN_INT_CONVERSION = YES;
				CLANG_WARN_NON_LITERAL_NULL_CONVERSION = YES;
				CLANG_WARN_OBJC_IMPLICIT_RETAIN_SELF = YES;
				CLANG_WARN_OBJC_LITERAL_CONVERSION = YES;
				CLANG_WARN_OBJC_ROOT_CLASS = YES_ERROR;
				CLANG_WARN_QUOTED_INCLUDE_IN_FRAMEWORK_HEADER = YES;
				CLANG_WARN_RANGE_LOOP_ANALYSIS = YES;
				CLANG_WARN_STRICT_PROTOTYPES = YES;
				CLANG_WARN_SUSPICIOUS_MOVE = YES;
				CLANG_WARN_UNGUARDED_AVAILABILITY = YES_AGGRESSIVE;
				CLANG_WARN_UNREACHABLE_CODE = YES;
				CLANG_WARN__DUPLICATE_METHOD_MATCH = YES;
				COPY_PHASE_STRIP = NO;
				DEBUG_INFORMATION_FORMAT = dwarf;
				ENABLE_STRICT_OBJC_MSGSEND = YES;
				ENABLE_TESTABILITY = YES;
				GCC_C_LANGUAGE_STANDARD = gnu11;
				GCC_DYNAMIC_NO_PIC = NO;
				GCC_NO_COMMON_BLOCKS = YES;
				GCC_OPTIMIZATION_LEVEL = 0;
				GCC_PREPROCESSOR_DEFINITIONS = (
					"DEBUG=1",
					"$(inherited)",
				);
				GCC_WARN_64_TO_32_BIT_CONVERSION = YES;
				GCC_WARN_ABOUT_RETURN_TYPE = YES_ERROR;
				GCC_WARN_UNDECLARED_SELECTOR = YES;
				GCC_WARN_UNINITIALIZED_AUTOS = YES_AGGRESSIVE;
				GCC_WARN_UNUSED_FUNCTION = YES;
				GCC_WARN_UNUSED_VARIABLE = YES;
				IPHONEOS_DEPLOYMENT_TARGET = 16.4;
				MTL_ENABLE_DEBUG_INFO = INCLUDE_SOURCE;
				MTL_FAST_MATH = YES;
				ONLY_ACTIVE_ARCH = YES;
				SDKROOT = iphoneos;
				SWIFT_ACTIVE_COMPILATION_CONDITIONS = DEBUG;
				SWIFT_OPTIMIZATION_LEVEL = "-Onone";
			};
			name = Debug;
		};
		F9173A712AA72E5F00EA43C6 /* Release */ = {
			isa = XCBuildConfiguration;
			buildSettings = {
				ALWAYS_SEARCH_USER_PATHS = NO;
				CLANG_ANALYZER_NONNULL = YES;
				CLANG_ANALYZER_NUMBER_OBJECT_CONVERSION = YES_AGGRESSIVE;
				CLANG_CXX_LANGUAGE_STANDARD = "gnu++20";
				CLANG_ENABLE_MODULES = YES;
				CLANG_ENABLE_OBJC_ARC = YES;
				CLANG_ENABLE_OBJC_WEAK = YES;
				CLANG_WARN_BLOCK_CAPTURE_AUTORELEASING = YES;
				CLANG_WARN_BOOL_CONVERSION = YES;
				CLANG_WARN_COMMA = YES;
				CLANG_WARN_CONSTANT_CONVERSION = YES;
				CLANG_WARN_DEPRECATED_OBJC_IMPLEMENTATIONS = YES;
				CLANG_WARN_DIRECT_OBJC_ISA_USAGE = YES_ERROR;
				CLANG_WARN_DOCUMENTATION_COMMENTS = YES;
				CLANG_WARN_EMPTY_BODY = YES;
				CLANG_WARN_ENUM_CONVERSION = YES;
				CLANG_WARN_INFINITE_RECURSION = YES;
				CLANG_WARN_INT_CONVERSION = YES;
				CLANG_WARN_NON_LITERAL_NULL_CONVERSION = YES;
				CLANG_WARN_OBJC_IMPLICIT_RETAIN_SELF = YES;
				CLANG_WARN_OBJC_LITERAL_CONVERSION = YES;
				CLANG_WARN_OBJC_ROOT_CLASS = YES_ERROR;
				CLANG_WARN_QUOTED_INCLUDE_IN_FRAMEWORK_HEADER = YES;
				CLANG_WARN_RANGE_LOOP_ANALYSIS = YES;
				CLANG_WARN_STRICT_PROTOTYPES = YES;
				CLANG_WARN_SUSPICIOUS_MOVE = YES;
				CLANG_WARN_UNGUARDED_AVAILABILITY = YES_AGGRESSIVE;
				CLANG_WARN_UNREACHABLE_CODE = YES;
				CLANG_WARN__DUPLICATE_METHOD_MATCH = YES;
				COPY_PHASE_STRIP = NO;
				DEBUG_INFORMATION_FORMAT = "dwarf-with-dsym";
				ENABLE_NS_ASSERTIONS = NO;
				ENABLE_STRICT_OBJC_MSGSEND = YES;
				GCC_C_LANGUAGE_STANDARD = gnu11;
				GCC_NO_COMMON_BLOCKS = YES;
				GCC_WARN_64_TO_32_BIT_CONVERSION = YES;
				GCC_WARN_ABOUT_RETURN_TYPE = YES_ERROR;
				GCC_WARN_UNDECLARED_SELECTOR = YES;
				GCC_WARN_UNINITIALIZED_AUTOS = YES_AGGRESSIVE;
				GCC_WARN_UNUSED_FUNCTION = YES;
				GCC_WARN_UNUSED_VARIABLE = YES;
				IPHONEOS_DEPLOYMENT_TARGET = 16.4;
				MTL_ENABLE_DEBUG_INFO = NO;
				MTL_FAST_MATH = YES;
				SDKROOT = iphoneos;
				SWIFT_COMPILATION_MODE = wholemodule;
				SWIFT_OPTIMIZATION_LEVEL = "-O";
				VALIDATE_PRODUCT = YES;
			};
			name = Release;
		};
		F9173A732AA72E5F00EA43C6 /* Debug */ = {
			isa = XCBuildConfiguration;
			buildSettings = {
				ASSETCATALOG_COMPILER_APPICON_NAME = AppIcon;
				ASSETCATALOG_COMPILER_GLOBAL_ACCENT_COLOR_NAME = AccentColor;
				CODE_SIGN_STYLE = Automatic;
				CURRENT_PROJECT_VERSION = 1;
				DEVELOPMENT_ASSET_PATHS = "\"netFlixClone/Preview Content\"";
				DEVELOPMENT_TEAM = MR4CUNZHUS;
				ENABLE_PREVIEWS = YES;
				GENERATE_INFOPLIST_FILE = YES;
				INFOPLIST_FILE = netFlixClone/Info.plist;
				INFOPLIST_KEY_UIApplicationSceneManifest_Generation = YES;
				INFOPLIST_KEY_UIApplicationSupportsIndirectInputEvents = YES;
				INFOPLIST_KEY_UILaunchScreen_Generation = YES;
				INFOPLIST_KEY_UISupportedInterfaceOrientations_iPad = "UIInterfaceOrientationPortrait UIInterfaceOrientationPortraitUpsideDown UIInterfaceOrientationLandscapeLeft UIInterfaceOrientationLandscapeRight";
				INFOPLIST_KEY_UISupportedInterfaceOrientations_iPhone = "UIInterfaceOrientationPortrait UIInterfaceOrientationLandscapeLeft UIInterfaceOrientationLandscapeRight";
				LD_RUNPATH_SEARCH_PATHS = (
					"$(inherited)",
					"@executable_path/Frameworks",
				);
				MARKETING_VERSION = 1.0;
				PRODUCT_BUNDLE_IDENTIFIER = com.duy.netFlixClone;
				PRODUCT_NAME = "$(TARGET_NAME)";
				SWIFT_EMIT_LOC_STRINGS = YES;
				SWIFT_VERSION = 5.0;
				TARGETED_DEVICE_FAMILY = "1,2";
			};
			name = Debug;
		};
		F9173A742AA72E5F00EA43C6 /* Release */ = {
			isa = XCBuildConfiguration;
			buildSettings = {
				ASSETCATALOG_COMPILER_APPICON_NAME = AppIcon;
				ASSETCATALOG_COMPILER_GLOBAL_ACCENT_COLOR_NAME = AccentColor;
				CODE_SIGN_STYLE = Automatic;
				CURRENT_PROJECT_VERSION = 1;
				DEVELOPMENT_ASSET_PATHS = "\"netFlixClone/Preview Content\"";
				DEVELOPMENT_TEAM = MR4CUNZHUS;
				ENABLE_PREVIEWS = YES;
				GENERATE_INFOPLIST_FILE = YES;
				INFOPLIST_FILE = netFlixClone/Info.plist;
				INFOPLIST_KEY_UIApplicationSceneManifest_Generation = YES;
				INFOPLIST_KEY_UIApplicationSupportsIndirectInputEvents = YES;
				INFOPLIST_KEY_UILaunchScreen_Generation = YES;
				INFOPLIST_KEY_UISupportedInterfaceOrientations_iPad = "UIInterfaceOrientationPortrait UIInterfaceOrientationPortraitUpsideDown UIInterfaceOrientationLandscapeLeft UIInterfaceOrientationLandscapeRight";
				INFOPLIST_KEY_UISupportedInterfaceOrientations_iPhone = "UIInterfaceOrientationPortrait UIInterfaceOrientationLandscapeLeft UIInterfaceOrientationLandscapeRight";
				LD_RUNPATH_SEARCH_PATHS = (
					"$(inherited)",
					"@executable_path/Frameworks",
				);
				MARKETING_VERSION = 1.0;
				PRODUCT_BUNDLE_IDENTIFIER = com.duy.netFlixClone;
				PRODUCT_NAME = "$(TARGET_NAME)";
				SWIFT_EMIT_LOC_STRINGS = YES;
				SWIFT_VERSION = 5.0;
				TARGETED_DEVICE_FAMILY = "1,2";
			};
			name = Release;
		};
/* End XCBuildConfiguration section */

/* Begin XCConfigurationList section */
		F9173A5F2AA72E5E00EA43C6 /* Build configuration list for PBXProject "netFlixClone" */ = {
			isa = XCConfigurationList;
			buildConfigurations = (
				F9173A702AA72E5F00EA43C6 /* Debug */,
				F9173A712AA72E5F00EA43C6 /* Release */,
			);
			defaultConfigurationIsVisible = 0;
			defaultConfigurationName = Release;
		};
		F9173A722AA72E5F00EA43C6 /* Build configuration list for PBXNativeTarget "netFlixClone" */ = {
			isa = XCConfigurationList;
			buildConfigurations = (
				F9173A732AA72E5F00EA43C6 /* Debug */,
				F9173A742AA72E5F00EA43C6 /* Release */,
			);
			defaultConfigurationIsVisible = 0;
			defaultConfigurationName = Release;
		};
/* End XCConfigurationList section */
	};
	rootObject = F9173A5C2AA72E5E00EA43C6 /* Project object */;
}
